
Microsoft Visual Studio Solution File, Format Version 12.00
# Visual Studio Version 17
VisualStudioVersion = 17.10.35122.118
MinimumVisualStudioVersion = 10.0.40219.1
Project("{9A19103F-16F7-4668-BE54-9A1E7A4F7556}") = "DesafioEcommerce", "DesafioEcommerce.csproj", "{6023DA6E-C214-49F0-BE35-555F44EFBCEA}"
EndProject
Project("{2150E333-8FDC-42A3-9474-1A3956D46DE8}") = "Solution Items", "Solution Items", "{03D6D26A-E67F-4908-B8C9-1D02925E7744}"
	ProjectSection(SolutionItems) = preProject
		.gitignore = .gitignore
	EndProjectSection
EndProject
Global
	GlobalSection(SolutionConfigurationPlatforms) = preSolution
		Debug|Any CPU = Debug|Any CPU
		Release|Any CPU = Release|Any CPU
	EndGlobalSection
	GlobalSection(ProjectConfigurationPlatforms) = postSolution
		{6023DA6E-C214-49F0-BE35-555F44EFBCEA}.Debug|Any CPU.ActiveCfg = Debug|Any CPU
		{6023DA6E-C214-49F0-BE35-555F44EFBCEA}.Debug|Any CPU.Build.0 = Debug|Any CPU
		{6023DA6E-C214-49F0-BE35-555F44EFBCEA}.Release|Any CPU.ActiveCfg = Release|Any CPU
		{6023DA6E-C214-49F0-BE35-555F44EFBCEA}.Release|Any CPU.Build.0 = Release|Any CPU
	EndGlobalSection
	GlobalSection(SolutionProperties) = preSolution
		HideSolutionNode = FALSE
	EndGlobalSection
	GlobalSection(ExtensibilityGlobals) = postSolution
		SolutionGuid = {FA38217E-0ECE-41C6-9440-42BF5AFAEEBD}
	EndGlobalSection
EndGlobal
